{
  "name": "chief-of-staff",
  "version": "0.1.0",
  "lockfileVersion": 3,
  "requires": true,
  "packages": {
    "": {
      "name": "chief-of-staff",
      "version": "0.1.0",
      "devDependencies": {
        "v0-sdk": "^0.16.4"
      },
      "engines": {
        "node": ">=20"
      }
    },
    "node_modules/v0-sdk": {
      "version": "0.16.4",
      "resolved": "https://registry.npmjs.org/v0-sdk/-/v0-sdk-0.16.4.tgz",
      "integrity": "sha512-ByYyxGbdx1Ab/sTpIK5krf/aK7ATvjWxRiBlqR3f4C4BMh+PzfRzkG/dhOe1lYDYRORQfT4a+SqWcXIGqNsF9w==",
      "dev": true,
      "license": "Apache-2.0",
      "engines": {
        "node": ">=22",
        "pnpm": ">=9"
      }
    }
  }
}
